
Microsoft Visual Studio Solution File, Format Version 12.00
# Visual Studio Version 17
VisualStudioVersion = 17.1.32319.34
MinimumVisualStudioVersion = 10.0.40219.1
Project("{FAE04EC0-301F-11D3-BF4B-00C04F79EFBC}") = "book-finder-app.Android", "book-finder-app\book-finder-app.Android\book-finder-app.Android.csproj", "{819FEE46-3538-4D32-8A11-A2CAE7E34B7D}"
EndProject
Project("{9A19103F-16F7-4668-BE54-9A1E7A4F7556}") = "book-finder-app", "book-finder-app\book-finder-app\book-finder-app.csproj", "{1F31C223-FBFD-4D21-86D5-CEED7B2E07E9}"
EndProject
Global
	GlobalSection(SolutionConfigurationPlatforms) = preSolution
		Debug|Any CPU = Debug|Any CPU
		Debug|iPhone = Debug|iPhone
		Debug|iPhoneSimulator = Debug|iPhoneSimulator
		Release|Any CPU = Release|Any CPU
		Release|iPhone = Release|iPhone
		Release|iPhoneSimulator = Release|iPhoneSimulator
	EndGlobalSection
	GlobalSection(ProjectConfigurationPlatforms) = postSolution
		{819FEE46-3538-4D32-8A11-A2CAE7E34B7D}.Debug|Any CPU.ActiveCfg = Debug|Any CPU
		{819FEE46-3538-4D32-8A11-A2CAE7E34B7D}.Debug|Any CPU.Build.0 = Debug|Any CPU
		{819FEE46-3538-4D32-8A11-A2CAE7E34B7D}.Debug|Any CPU.Deploy.0 = Debug|Any CPU
		{819FEE46-3538-4D32-8A11-A2CAE7E34B7D}.Debug|iPhone.ActiveCfg = Debug|Any CPU
		{819FEE46-3538-4D32-8A11-A2CAE7E34B7D}.Debug|iPhone.Build.0 = Debug|Any CPU
		{819FEE46-3538-4D32-8A11-A2CAE7E34B7D}.Debug|iPhone.Deploy.0 = Debug|Any CPU
		{819FEE46-3538-4D32-8A11-A2CAE7E34B7D}.Debug|iPhoneSimulator.ActiveCfg = Debug|Any CPU
		{819FEE46-3538-4D32-8A11-A2CAE7E34B7D}.Debug|iPhoneSimulator.Build.0 = Debug|Any CPU
		{819FEE46-3538-4D32-8A11-A2CAE7E34B7D}.Debug|iPhoneSimulator.Deploy.0 = Debug|Any CPU
		{819FEE46-3538-4D32-8A11-A2CAE7E34B7D}.Release|Any CPU.ActiveCfg = Release|Any CPU
		{819FEE46-3538-4D32-8A11-A2CAE7E34B7D}.Release|Any CPU.Build.0 = Release|Any CPU
		{819FEE46-3538-4D32-8A11-A2CAE7E34B7D}.Release|Any CPU.Deploy.0 = Release|Any CPU
		{819FEE46-3538-4D32-8A11-A2CAE7E34B7D}.Release|iPhone.ActiveCfg = Release|Any CPU
		{819FEE46-3538-4D32-8A11-A2CAE7E34B7D}.Release|iPhone.Build.0 = Release|Any CPU
		{819FEE46-3538-4D32-8A11-A2CAE7E34B7D}.Release|iPhone.Deploy.0 = Release|Any CPU
		{819FEE46-3538-4D32-8A11-A2CAE7E34B7D}.Release|iPhoneSimulator.ActiveCfg = Release|Any CPU
		{819FEE46-3538-4D32-8A11-A2CAE7E34B7D}.Release|iPhoneSimulator.Build.0 = Release|Any CPU
		{819FEE46-3538-4D32-8A11-A2CAE7E34B7D}.Release|iPhoneSimulator.Deploy.0 = Release|Any CPU
		{1F31C223-FBFD-4D21-86D5-CEED7B2E07E9}.Debug|Any CPU.ActiveCfg = Debug|Any CPU
		{1F31C223-FBFD-4D21-86D5-CEED7B2E07E9}.Debug|Any CPU.Build.0 = Debug|Any CPU
		{1F31C223-FBFD-4D21-86D5-CEED7B2E07E9}.Debug|Any CPU.Deploy.0 = Debug|Any CPU
		{1F31C223-FBFD-4D21-86D5-CEED7B2E07E9}.Debug|iPhone.ActiveCfg = Debug|Any CPU
		{1F31C223-FBFD-4D21-86D5-CEED7B2E07E9}.Debug|iPhone.Build.0 = Debug|Any CPU
		{1F31C223-FBFD-4D21-86D5-CEED7B2E07E9}.Debug|iPhone.Deploy.0 = Debug|Any CPU
		{1F31C223-FBFD-4D21-86D5-CEED7B2E07E9}.Debug|iPhoneSimulator.ActiveCfg = Debug|Any CPU
		{1F31C223-FBFD-4D21-86D5-CEED7B2E07E9}.Debug|iPhoneSimulator.Build.0 = Debug|Any CPU
		{1F31C223-FBFD-4D21-86D5-CEED7B2E07E9}.Debug|iPhoneSimulator.Deploy.0 = Debug|Any CPU
		{1F31C223-FBFD-4D21-86D5-CEED7B2E07E9}.Release|Any CPU.ActiveCfg = Release|Any CPU
		{1F31C223-FBFD-4D21-86D5-CEED7B2E07E9}.Release|Any CPU.Build.0 = Release|Any CPU
		{1F31C223-FBFD-4D21-86D5-CEED7B2E07E9}.Release|Any CPU.Deploy.0 = Release|Any CPU
		{1F31C223-FBFD-4D21-86D5-CEED7B2E07E9}.Release|iPhone.ActiveCfg = Release|Any CPU
		{1F31C223-FBFD-4D21-86D5-CEED7B2E07E9}.Release|iPhone.Build.0 = Release|Any CPU
		{1F31C223-FBFD-4D21-86D5-CEED7B2E07E9}.Release|iPhone.Deploy.0 = Release|Any CPU
		{1F31C223-FBFD-4D21-86D5-CEED7B2E07E9}.Release|iPhoneSimulator.ActiveCfg = Release|Any CPU
		{1F31C223-FBFD-4D21-86D5-CEED7B2E07E9}.Release|iPhoneSimulator.Build.0 = Release|Any CPU
		{1F31C223-FBFD-4D21-86D5-CEED7B2E07E9}.Release|iPhoneSimulator.Deploy.0 = Release|Any CPU
	EndGlobalSection
	GlobalSection(SolutionProperties) = preSolution
		HideSolutionNode = FALSE
	EndGlobalSection
	GlobalSection(ExtensibilityGlobals) = postSolution
		SolutionGuid = {5093A3E6-C531-4542-8FAB-7AE74154D1D2}
	EndGlobalSection
EndGlobal
